
Microsoft Visual Studio Solution File, Format Version 12.00
Project("{FAE04EC0-301F-11D3-BF4B-00C04F79EFBC}") = "DK_Portfolio", "DK_Portfolio\DK_Portfolio.csproj", "{EF308BA1-276D-4592-A421-CE2EAED90451}"
EndProject
Global
	GlobalSection(SolutionConfigurationPlatforms) = preSolution
		Debug|Any CPU = Debug|Any CPU
		Release|Any CPU = Release|Any CPU
	EndGlobalSection
	GlobalSection(ProjectConfigurationPlatforms) = postSolution
		{EF308BA1-276D-4592-A421-CE2EAED90451}.Debug|Any CPU.ActiveCfg = Debug|Any CPU
		{EF308BA1-276D-4592-A421-CE2EAED90451}.Debug|Any CPU.Build.0 = Debug|Any CPU
		{EF308BA1-276D-4592-A421-CE2EAED90451}.Release|Any CPU.ActiveCfg = Release|Any CPU
		{EF308BA1-276D-4592-A421-CE2EAED90451}.Release|Any CPU.Build.0 = Release|Any CPU
	EndGlobalSection
EndGlobal
